dependencies:
- name: redis
  repository: https://charts.bitnami.com/bitnami
  version: 16.13.2
- name: nginx
  repository: https://charts.bitnami.com/bitnami
  version: 13.2.34
- name: postgresql
  repository: https://charts.bitnami.com/bitnami
  version: 11.9.13
digest: sha256:143f5f478805d447d73fadb02d964a01a34ad7369b889fcb266ee8586e46912f
generated: "2023-06-21T11:11:02.8101599+02:00"
